
Microsoft Visual Studio Solution File, Format Version 12.00
# Visual Studio Version 16
VisualStudioVersion = 16.0.31605.320
MinimumVisualStudioVersion = 10.0.40219.1
Project("{2150E333-8FDC-42A3-9474-1A3956D46DE8}") = "Tests", "Tests", "{1B2619F7-7902-416D-9E8E-B086A585BB9A}"
EndProject
Project("{FAE04EC0-301F-11D3-BF4B-00C04F79EFBC}") = "StoneAge.Core", "StoneAge.Core\StoneAge.Core.csproj", "{7B105360-6FBD-4BC0-BF86-1D158FBC473D}"
EndProject
Project("{FAE04EC0-301F-11D3-BF4B-00C04F79EFBC}") = "StoneAge.Core.Tests", "StoneAge.Core.Tests\StoneAge.Core.Tests.csproj", "{12EE077F-AB2F-42E1-A4B8-DB4D91EE1680}"
EndProject
Global
	GlobalSection(SolutionConfigurationPlatforms) = preSolution
		Debug|Any CPU = Debug|Any CPU
		Release|Any CPU = Release|Any CPU
	EndGlobalSection
	GlobalSection(ProjectConfigurationPlatforms) = postSolution
		{7B105360-6FBD-4BC0-BF86-1D158FBC473D}.Debug|Any CPU.ActiveCfg = Debug|Any CPU
		{7B105360-6FBD-4BC0-BF86-1D158FBC473D}.Debug|Any CPU.Build.0 = Debug|Any CPU
		{7B105360-6FBD-4BC0-BF86-1D158FBC473D}.Release|Any CPU.ActiveCfg = Release|Any CPU
		{7B105360-6FBD-4BC0-BF86-1D158FBC473D}.Release|Any CPU.Build.0 = Release|Any CPU
		{12EE077F-AB2F-42E1-A4B8-DB4D91EE1680}.Debug|Any CPU.ActiveCfg = Debug|Any CPU
		{12EE077F-AB2F-42E1-A4B8-DB4D91EE1680}.Debug|Any CPU.Build.0 = Debug|Any CPU
		{12EE077F-AB2F-42E1-A4B8-DB4D91EE1680}.Release|Any CPU.ActiveCfg = Release|Any CPU
		{12EE077F-AB2F-42E1-A4B8-DB4D91EE1680}.Release|Any CPU.Build.0 = Release|Any CPU
	EndGlobalSection
	GlobalSection(SolutionProperties) = preSolution
		HideSolutionNode = FALSE
	EndGlobalSection
	GlobalSection(NestedProjects) = preSolution
		{12EE077F-AB2F-42E1-A4B8-DB4D91EE1680} = {1B2619F7-7902-416D-9E8E-B086A585BB9A}
	EndGlobalSection
	GlobalSection(ExtensibilityGlobals) = postSolution
		SolutionGuid = {907FBFB3-8789-4798-A56C-C8C7E892D718}
	EndGlobalSection
EndGlobal
